
Microsoft Visual Studio Solution File, Format Version 12.00
# Visual Studio Version 17
VisualStudioVersion = 17.5.33516.290
MinimumVisualStudioVersion = 10.0.40219.1
Project("{9A19103F-16F7-4668-BE54-9A1E7A4F7556}") = "Rocket", "Rocket.csproj", "{EA32544D-DB7D-4047-900C-817D50A7400D}"
EndProject
Global
	GlobalSection(SolutionConfigurationPlatforms) = preSolution
		Debug|Any CPU = Debug|Any CPU
		Release|Any CPU = Release|Any CPU
	EndGlobalSection
	GlobalSection(ProjectConfigurationPlatforms) = postSolution
		{EA32544D-DB7D-4047-900C-817D50A7400D}.Debug|Any CPU.ActiveCfg = Debug|Any CPU
		{EA32544D-DB7D-4047-900C-817D50A7400D}.Debug|Any CPU.Build.0 = Debug|Any CPU
		{EA32544D-DB7D-4047-900C-817D50A7400D}.Release|Any CPU.ActiveCfg = Release|Any CPU
		{EA32544D-DB7D-4047-900C-817D50A7400D}.Release|Any CPU.Build.0 = Release|Any CPU
	EndGlobalSection
	GlobalSection(SolutionProperties) = preSolution
		HideSolutionNode = FALSE
	EndGlobalSection
	GlobalSection(ExtensibilityGlobals) = postSolution
		SolutionGuid = {0B2E99E1-2FC9-447B-9923-F9B049817556}
	EndGlobalSection
EndGlobal
