
Microsoft Visual Studio Solution File, Format Version 12.00
# Visual Studio Version 17
VisualStudioVersion = 17.5.33516.290
MinimumVisualStudioVersion = 10.0.40219.1
Project("{9A19103F-16F7-4668-BE54-9A1E7A4F7556}") = "Rocket", "Rocket.csproj", "{363D22F3-D377-457D-B48E-BDCC1B8A8353}"
EndProject
Global
	GlobalSection(SolutionConfigurationPlatforms) = preSolution
		Debug|Any CPU = Debug|Any CPU
		Release|Any CPU = Release|Any CPU
	EndGlobalSection
	GlobalSection(ProjectConfigurationPlatforms) = postSolution
		{363D22F3-D377-457D-B48E-BDCC1B8A8353}.Debug|Any CPU.ActiveCfg = Debug|Any CPU
		{363D22F3-D377-457D-B48E-BDCC1B8A8353}.Debug|Any CPU.Build.0 = Debug|Any CPU
		{363D22F3-D377-457D-B48E-BDCC1B8A8353}.Release|Any CPU.ActiveCfg = Release|Any CPU
		{363D22F3-D377-457D-B48E-BDCC1B8A8353}.Release|Any CPU.Build.0 = Release|Any CPU
	EndGlobalSection
	GlobalSection(SolutionProperties) = preSolution
		HideSolutionNode = FALSE
	EndGlobalSection
	GlobalSection(ExtensibilityGlobals) = postSolution
		SolutionGuid = {C3E8D74E-5827-42AE-88F5-A7580C47FCE4}
	EndGlobalSection
EndGlobal
