
Microsoft Visual Studio Solution File, Format Version 12.00
# Visual Studio Version 17
VisualStudioVersion = 17.5.33516.290
MinimumVisualStudioVersion = 10.0.40219.1
Project("{9A19103F-16F7-4668-BE54-9A1E7A4F7556}") = "Antiplagiarism", "Antiplagiarism.csproj", "{DBBCBC20-B5E4-4DFA-B32E-6A8FA889FE43}"
EndProject
Global
	GlobalSection(SolutionConfigurationPlatforms) = preSolution
		Debug|Any CPU = Debug|Any CPU
		Release|Any CPU = Release|Any CPU
	EndGlobalSection
	GlobalSection(ProjectConfigurationPlatforms) = postSolution
		{DBBCBC20-B5E4-4DFA-B32E-6A8FA889FE43}.Debug|Any CPU.ActiveCfg = Debug|Any CPU
		{DBBCBC20-B5E4-4DFA-B32E-6A8FA889FE43}.Debug|Any CPU.Build.0 = Debug|Any CPU
		{DBBCBC20-B5E4-4DFA-B32E-6A8FA889FE43}.Release|Any CPU.ActiveCfg = Release|Any CPU
		{DBBCBC20-B5E4-4DFA-B32E-6A8FA889FE43}.Release|Any CPU.Build.0 = Release|Any CPU
	EndGlobalSection
	GlobalSection(SolutionProperties) = preSolution
		HideSolutionNode = FALSE
	EndGlobalSection
	GlobalSection(ExtensibilityGlobals) = postSolution
		SolutionGuid = {BF6352CF-FB69-4B9B-9A3C-ACEBF078AD12}
	EndGlobalSection
EndGlobal
