
Microsoft Visual Studio Solution File, Format Version 12.00
# Visual Studio Version 17
VisualStudioVersion = 17.5.33516.290
MinimumVisualStudioVersion = 10.0.40219.1
Project("{9A19103F-16F7-4668-BE54-9A1E7A4F7556}") = "hashes-readonly-bytes", "hashes-readonly-bytes.csproj", "{5D336972-893E-49E7-AE14-D49742C8D757}"
EndProject
Global
	GlobalSection(SolutionConfigurationPlatforms) = preSolution
		Debug|Any CPU = Debug|Any CPU
		Release|Any CPU = Release|Any CPU
	EndGlobalSection
	GlobalSection(ProjectConfigurationPlatforms) = postSolution
		{5D336972-893E-49E7-AE14-D49742C8D757}.Debug|Any CPU.ActiveCfg = Debug|Any CPU
		{5D336972-893E-49E7-AE14-D49742C8D757}.Debug|Any CPU.Build.0 = Debug|Any CPU
		{5D336972-893E-49E7-AE14-D49742C8D757}.Release|Any CPU.ActiveCfg = Release|Any CPU
		{5D336972-893E-49E7-AE14-D49742C8D757}.Release|Any CPU.Build.0 = Release|Any CPU
	EndGlobalSection
	GlobalSection(SolutionProperties) = preSolution
		HideSolutionNode = FALSE
	EndGlobalSection
	GlobalSection(ExtensibilityGlobals) = postSolution
		SolutionGuid = {BF24DF17-C2D8-4478-982F-53FFE45A1A77}
	EndGlobalSection
EndGlobal
